
Microsoft Visual Studio Solution File, Format Version 12.00
# Visual Studio 15
Project("{FAE04EC0-301F-11D3-BF4B-00C04F79EFBC}") = "Cracking", "Cracking\Cracking.csproj", "{27E4F086-36CC-49F8-A7DC-21E068B1560C}"
EndProject
Project("{FAE04EC0-301F-11D3-BF4B-00C04F79EFBC}") = "Interviewbit", "interviewbit\interviewbit.csproj", "{9404418E-D97B-4FCD-9C55-1587FF2F81B6}"
EndProject
Global
	GlobalSection(SolutionConfigurationPlatforms) = preSolution
		Debug|Any CPU = Debug|Any CPU
		Release|Any CPU = Release|Any CPU
	EndGlobalSection
	GlobalSection(ProjectConfigurationPlatforms) = postSolution
		{27E4F086-36CC-49F8-A7DC-21E068B1560C}.Debug|Any CPU.ActiveCfg = Debug|Any CPU
		{27E4F086-36CC-49F8-A7DC-21E068B1560C}.Debug|Any CPU.Build.0 = Debug|Any CPU
		{27E4F086-36CC-49F8-A7DC-21E068B1560C}.Release|Any CPU.ActiveCfg = Release|Any CPU
		{27E4F086-36CC-49F8-A7DC-21E068B1560C}.Release|Any CPU.Build.0 = Release|Any CPU
		{9404418E-D97B-4FCD-9C55-1587FF2F81B6}.Debug|Any CPU.ActiveCfg = Debug|Any CPU
		{9404418E-D97B-4FCD-9C55-1587FF2F81B6}.Debug|Any CPU.Build.0 = Debug|Any CPU
		{9404418E-D97B-4FCD-9C55-1587FF2F81B6}.Release|Any CPU.ActiveCfg = Release|Any CPU
		{9404418E-D97B-4FCD-9C55-1587FF2F81B6}.Release|Any CPU.Build.0 = Release|Any CPU
	EndGlobalSection
EndGlobal
